{
  "name": "@gabo-routine/gabo-skills",
  "version": "0.8.0",
  "lockfileVersion": 3,
  "requires": true,
  "packages": {
    "": {
      "name": "@gabo-routine/gabo-skills",
      "version": "0.8.0",
      "license": "MIT",
      "bin": {
        "gabo-skills": "bin/cli.js"
      },
      "engines": {
        "node": ">=16"
      }
    }
  }
}
